
Microsoft Visual Studio Solution File, Format Version 12.00
# Visual Studio Version 17
VisualStudioVersion = 17.5.33502.453
MinimumVisualStudioVersion = 10.0.40219.1
Project("{FAE04EC0-301F-11D3-BF4B-00C04F79EFBC}") = "Bank_Opearations", "Bank_Opearations\Bank_Opearations.csproj", "{8567E71B-FF8B-41F6-927B-59D6379EC480}"
EndProject
Project("{FAE04EC0-301F-11D3-BF4B-00C04F79EFBC}") = "Bank", "Bank\Bank.csproj", "{A1347952-6488-4BAD-8750-36AE47C176B9}"
EndProject
Global
	GlobalSection(SolutionConfigurationPlatforms) = preSolution
		Debug|Any CPU = Debug|Any CPU
		Release|Any CPU = Release|Any CPU
	EndGlobalSection
	GlobalSection(ProjectConfigurationPlatforms) = postSolution
		{8567E71B-FF8B-41F6-927B-59D6379EC480}.Debug|Any CPU.ActiveCfg = Debug|Any CPU
		{8567E71B-FF8B-41F6-927B-59D6379EC480}.Debug|Any CPU.Build.0 = Debug|Any CPU
		{8567E71B-FF8B-41F6-927B-59D6379EC480}.Release|Any CPU.ActiveCfg = Release|Any CPU
		{8567E71B-FF8B-41F6-927B-59D6379EC480}.Release|Any CPU.Build.0 = Release|Any CPU
		{A1347952-6488-4BAD-8750-36AE47C176B9}.Debug|Any CPU.ActiveCfg = Debug|Any CPU
		{A1347952-6488-4BAD-8750-36AE47C176B9}.Debug|Any CPU.Build.0 = Debug|Any CPU
		{A1347952-6488-4BAD-8750-36AE47C176B9}.Release|Any CPU.ActiveCfg = Release|Any CPU
		{A1347952-6488-4BAD-8750-36AE47C176B9}.Release|Any CPU.Build.0 = Release|Any CPU
	EndGlobalSection
	GlobalSection(SolutionProperties) = preSolution
		HideSolutionNode = FALSE
	EndGlobalSection
	GlobalSection(ExtensibilityGlobals) = postSolution
		SolutionGuid = {31E8F962-0C67-487D-8DA2-AFEE9BCA49A9}
	EndGlobalSection
EndGlobal
