
Microsoft Visual Studio Solution File, Format Version 12.00
# Visual Studio Version 17
VisualStudioVersion = 17.5.33502.453
MinimumVisualStudioVersion = 10.0.40219.1
Project("{FAE04EC0-301F-11D3-BF4B-00C04F79EFBC}") = "MyString1", "MyString1\MyString1.csproj", "{392100B4-010A-476B-8572-AA4A2FC95187}"
EndProject
Global
	GlobalSection(SolutionConfigurationPlatforms) = preSolution
		Debug|Any CPU = Debug|Any CPU
		Release|Any CPU = Release|Any CPU
	EndGlobalSection
	GlobalSection(ProjectConfigurationPlatforms) = postSolution
		{392100B4-010A-476B-8572-AA4A2FC95187}.Debug|Any CPU.ActiveCfg = Debug|Any CPU
		{392100B4-010A-476B-8572-AA4A2FC95187}.Debug|Any CPU.Build.0 = Debug|Any CPU
		{392100B4-010A-476B-8572-AA4A2FC95187}.Release|Any CPU.ActiveCfg = Release|Any CPU
		{392100B4-010A-476B-8572-AA4A2FC95187}.Release|Any CPU.Build.0 = Release|Any CPU
	EndGlobalSection
	GlobalSection(SolutionProperties) = preSolution
		HideSolutionNode = FALSE
	EndGlobalSection
	GlobalSection(ExtensibilityGlobals) = postSolution
		SolutionGuid = {E5D5FD3A-C1AA-45FB-AD0C-0CC2946F37DA}
	EndGlobalSection
EndGlobal
