
Microsoft Visual Studio Solution File, Format Version 12.00
# Visual Studio Version 17
VisualStudioVersion = 17.5.33502.453
MinimumVisualStudioVersion = 10.0.40219.1
Project("{FAE04EC0-301F-11D3-BF4B-00C04F79EFBC}") = "Collections_HW", "Collections_HW\Collections_HW.csproj", "{B2E11459-334D-48D1-97FB-C72E101C2C66}"
EndProject
Project("{FAE04EC0-301F-11D3-BF4B-00C04F79EFBC}") = "InternetMagazine", "InternetMagazine\InternetMagazine.csproj", "{07872E18-AC6E-4C9E-AFAB-26B490D1C165}"
EndProject
Global
	GlobalSection(SolutionConfigurationPlatforms) = preSolution
		Debug|Any CPU = Debug|Any CPU
		Release|Any CPU = Release|Any CPU
	EndGlobalSection
	GlobalSection(ProjectConfigurationPlatforms) = postSolution
		{B2E11459-334D-48D1-97FB-C72E101C2C66}.Debug|Any CPU.ActiveCfg = Debug|Any CPU
		{B2E11459-334D-48D1-97FB-C72E101C2C66}.Debug|Any CPU.Build.0 = Debug|Any CPU
		{B2E11459-334D-48D1-97FB-C72E101C2C66}.Release|Any CPU.ActiveCfg = Release|Any CPU
		{B2E11459-334D-48D1-97FB-C72E101C2C66}.Release|Any CPU.Build.0 = Release|Any CPU
		{07872E18-AC6E-4C9E-AFAB-26B490D1C165}.Debug|Any CPU.ActiveCfg = Debug|Any CPU
		{07872E18-AC6E-4C9E-AFAB-26B490D1C165}.Debug|Any CPU.Build.0 = Debug|Any CPU
		{07872E18-AC6E-4C9E-AFAB-26B490D1C165}.Release|Any CPU.ActiveCfg = Release|Any CPU
		{07872E18-AC6E-4C9E-AFAB-26B490D1C165}.Release|Any CPU.Build.0 = Release|Any CPU
	EndGlobalSection
	GlobalSection(SolutionProperties) = preSolution
		HideSolutionNode = FALSE
	EndGlobalSection
	GlobalSection(ExtensibilityGlobals) = postSolution
		SolutionGuid = {03DB3B64-16E1-41CE-8E15-AEF778D24DD2}
	EndGlobalSection
EndGlobal
