
Microsoft Visual Studio Solution File, Format Version 12.00
# Visual Studio Version 17
VisualStudioVersion = 17.11.35312.102
MinimumVisualStudioVersion = 10.0.40219.1
Project("{9A19103F-16F7-4668-BE54-9A1E7A4F7556}") = "BroadcastServer", "BroadcastServer\BroadcastServer.csproj", "{6F87B77B-33E1-4357-9979-5E7E125778EA}"
EndProject
Project("{9A19103F-16F7-4668-BE54-9A1E7A4F7556}") = "BroadcastClient", "BroadcastClient\BroadcastClient.csproj", "{14341EFC-471A-49DE-BFDF-CB506191BEFB}"
EndProject
Project("{FAE04EC0-301F-11D3-BF4B-00C04F79EFBC}") = "BroadcastClient_2", "BroadcastClient_2\BroadcastClient_2.csproj", "{8FB2D13A-81B9-4B8F-B971-7130D256E6B9}"
EndProject
Global
	GlobalSection(SolutionConfigurationPlatforms) = preSolution
		Debug|Any CPU = Debug|Any CPU
		Release|Any CPU = Release|Any CPU
	EndGlobalSection
	GlobalSection(ProjectConfigurationPlatforms) = postSolution
		{6F87B77B-33E1-4357-9979-5E7E125778EA}.Debug|Any CPU.ActiveCfg = Debug|Any CPU
		{6F87B77B-33E1-4357-9979-5E7E125778EA}.Debug|Any CPU.Build.0 = Debug|Any CPU
		{6F87B77B-33E1-4357-9979-5E7E125778EA}.Release|Any CPU.ActiveCfg = Release|Any CPU
		{6F87B77B-33E1-4357-9979-5E7E125778EA}.Release|Any CPU.Build.0 = Release|Any CPU
		{14341EFC-471A-49DE-BFDF-CB506191BEFB}.Debug|Any CPU.ActiveCfg = Debug|Any CPU
		{14341EFC-471A-49DE-BFDF-CB506191BEFB}.Debug|Any CPU.Build.0 = Debug|Any CPU
		{14341EFC-471A-49DE-BFDF-CB506191BEFB}.Release|Any CPU.ActiveCfg = Release|Any CPU
		{14341EFC-471A-49DE-BFDF-CB506191BEFB}.Release|Any CPU.Build.0 = Release|Any CPU
		{8FB2D13A-81B9-4B8F-B971-7130D256E6B9}.Debug|Any CPU.ActiveCfg = Debug|Any CPU
		{8FB2D13A-81B9-4B8F-B971-7130D256E6B9}.Debug|Any CPU.Build.0 = Debug|Any CPU
		{8FB2D13A-81B9-4B8F-B971-7130D256E6B9}.Release|Any CPU.ActiveCfg = Release|Any CPU
		{8FB2D13A-81B9-4B8F-B971-7130D256E6B9}.Release|Any CPU.Build.0 = Release|Any CPU
	EndGlobalSection
	GlobalSection(SolutionProperties) = preSolution
		HideSolutionNode = FALSE
	EndGlobalSection
	GlobalSection(ExtensibilityGlobals) = postSolution
		SolutionGuid = {6CD522D2-834D-4C8B-897B-FD9660D7F562}
	EndGlobalSection
EndGlobal
